
Microsoft Visual Studio Solution File, Format Version 12.00
# Visual Studio Version 17
VisualStudioVersion = 17.0.32002.185
MinimumVisualStudioVersion = 10.0.40219.1
Project("{9A19103F-16F7-4668-BE54-9A1E7A4F7556}") = "Fido2", "Src\Fido2\Fido2.csproj", "{671046B3-32C4-4430-A71F-27192EACECD0}"
EndProject
Project("{9A19103F-16F7-4668-BE54-9A1E7A4F7556}") = "Demo", "Demo\Demo.csproj", "{1A7DD7B0-255E-44AD-8BE0-5F833846F444}"
EndProject
Project("{9A19103F-16F7-4668-BE54-9A1E7A4F7556}") = "Test", "Test\Test.csproj", "{06E82E3F-C626-4070-98BB-6D307DA86AC2}"
EndProject
Project("{2150E333-8FDC-42A3-9474-1A3956D46DE8}") = "Solution Items", "Solution Items", "{80EE6A6B-EA6A-4C01-9EEA-45BE37DB5A2D}"
	ProjectSection(SolutionItems) = preProject
		.editorconfig = .editorconfig
		Directory.Build.props = Directory.Build.props
		Src\Directory.Build.props = Src\Directory.Build.props
	EndProjectSection
EndProject
Project("{9A19103F-16F7-4668-BE54-9A1E7A4F7556}") = "Fido2.Models", "Src\Fido2.Models\Fido2.Models.csproj", "{08AA0431-3BBF-49EF-8DEF-5433B3068D92}"
EndProject
Project("{9A19103F-16F7-4668-BE54-9A1E7A4F7556}") = "Fido2.AspNet", "Src\Fido2.AspNet\Fido2.AspNet.csproj", "{C2A9F26D-142C-4A35-982B-72FBDCB7D7FF}"
EndProject
Project("{9A19103F-16F7-4668-BE54-9A1E7A4F7556}") = "Fido2.Ctap2", "Src\Fido2.Ctap2\Fido2.Ctap2.csproj", "{5B998DB8-6E96-4012-B524-32E113815059}"
EndProject
Project("{9A19103F-16F7-4668-BE54-9A1E7A4F7556}") = "Fido2.Ctap2.Tests", "Tests\Fido2.Ctap2.Tests\Fido2.Ctap2.Tests.csproj", "{BB3D1D09-1506-4DF9-8211-8B284E12B0F8}"
EndProject
Project("{9A19103F-16F7-4668-BE54-9A1E7A4F7556}") = "Fido2.BlazorWebAssembly", "Src\Fido2.BlazorWebAssembly\Fido2.BlazorWebAssembly.csproj", "{F314C16B-3E3D-40E6-9B4F-36142B739478}"
EndProject
Global
	GlobalSection(SolutionConfigurationPlatforms) = preSolution
		Debug|Any CPU = Debug|Any CPU
		Release|Any CPU = Release|Any CPU
	EndGlobalSection
	GlobalSection(ProjectConfigurationPlatforms) = postSolution
		{671046B3-32C4-4430-A71F-27192EACECD0}.Debug|Any CPU.ActiveCfg = Debug|Any CPU
		{671046B3-32C4-4430-A71F-27192EACECD0}.Debug|Any CPU.Build.0 = Debug|Any CPU
		{671046B3-32C4-4430-A71F-27192EACECD0}.Release|Any CPU.ActiveCfg = Release|Any CPU
		{671046B3-32C4-4430-A71F-27192EACECD0}.Release|Any CPU.Build.0 = Release|Any CPU
		{1A7DD7B0-255E-44AD-8BE0-5F833846F444}.Debug|Any CPU.ActiveCfg = Debug|Any CPU
		{1A7DD7B0-255E-44AD-8BE0-5F833846F444}.Debug|Any CPU.Build.0 = Debug|Any CPU
		{1A7DD7B0-255E-44AD-8BE0-5F833846F444}.Release|Any CPU.ActiveCfg = Release|Any CPU
		{1A7DD7B0-255E-44AD-8BE0-5F833846F444}.Release|Any CPU.Build.0 = Release|Any CPU
		{06E82E3F-C626-4070-98BB-6D307DA86AC2}.Debug|Any CPU.ActiveCfg = Debug|Any CPU
		{06E82E3F-C626-4070-98BB-6D307DA86AC2}.Debug|Any CPU.Build.0 = Debug|Any CPU
		{06E82E3F-C626-4070-98BB-6D307DA86AC2}.Release|Any CPU.ActiveCfg = Release|Any CPU
		{06E82E3F-C626-4070-98BB-6D307DA86AC2}.Release|Any CPU.Build.0 = Release|Any CPU
		{08AA0431-3BBF-49EF-8DEF-5433B3068D92}.Debug|Any CPU.ActiveCfg = Debug|Any CPU
		{08AA0431-3BBF-49EF-8DEF-5433B3068D92}.Debug|Any CPU.Build.0 = Debug|Any CPU
		{08AA0431-3BBF-49EF-8DEF-5433B3068D92}.Release|Any CPU.ActiveCfg = Release|Any CPU
		{08AA0431-3BBF-49EF-8DEF-5433B3068D92}.Release|Any CPU.Build.0 = Release|Any CPU
		{C2A9F26D-142C-4A35-982B-72FBDCB7D7FF}.Debug|Any CPU.ActiveCfg = Debug|Any CPU
		{C2A9F26D-142C-4A35-982B-72FBDCB7D7FF}.Debug|Any CPU.Build.0 = Debug|Any CPU
		{C2A9F26D-142C-4A35-982B-72FBDCB7D7FF}.Release|Any CPU.ActiveCfg = Release|Any CPU
		{C2A9F26D-142C-4A35-982B-72FBDCB7D7FF}.Release|Any CPU.Build.0 = Release|Any CPU
		{5B998DB8-6E96-4012-B524-32E113815059}.Debug|Any CPU.ActiveCfg = Debug|Any CPU
		{5B998DB8-6E96-4012-B524-32E113815059}.Debug|Any CPU.Build.0 = Debug|Any CPU
		{5B998DB8-6E96-4012-B524-32E113815059}.Release|Any CPU.ActiveCfg = Release|Any CPU
		{5B998DB8-6E96-4012-B524-32E113815059}.Release|Any CPU.Build.0 = Release|Any CPU
		{BB3D1D09-1506-4DF9-8211-8B284E12B0F8}.Debug|Any CPU.ActiveCfg = Debug|Any CPU
		{BB3D1D09-1506-4DF9-8211-8B284E12B0F8}.Debug|Any CPU.Build.0 = Debug|Any CPU
		{BB3D1D09-1506-4DF9-8211-8B284E12B0F8}.Release|Any CPU.ActiveCfg = Release|Any CPU
		{F314C16B-3E3D-40E6-9B4F-36142B739478}.Debug|Any CPU.ActiveCfg = Debug|Any CPU
		{F314C16B-3E3D-40E6-9B4F-36142B739478}.Debug|Any CPU.Build.0 = Debug|Any CPU
		{F314C16B-3E3D-40E6-9B4F-36142B739478}.Release|Any CPU.ActiveCfg = Release|Any CPU
		{F314C16B-3E3D-40E6-9B4F-36142B739478}.Release|Any CPU.Build.0 = Release|Any CPU
	EndGlobalSection
	GlobalSection(SolutionProperties) = preSolution
		HideSolutionNode = FALSE
	EndGlobalSection
	GlobalSection(ExtensibilityGlobals) = postSolution
		SolutionGuid = {538DBEBC-502B-4FFF-B278-5A5D3D290C80}
	EndGlobalSection
EndGlobal
